// !$*UTF8*$!
{
	archiveVersion = 1;
	classes = {
	};
	objectVersion = 46;
	objects = {

/* Begin PBXBuildFile section */
		AB377DB01DEDAE6E0026A416 /* CoreData.framework in Frameworks */ = {isa = PBXBuildFile; fileRef = AB377DAF1DEDAE6E0026A416 /* CoreData.framework */; };
		ABDF515A1DECE31C00CD306B /* main.m in Sources */ = {isa = PBXBuildFile; fileRef = ABDF51591DECE31C00CD306B /* main.m */; };
		ABDF515D1DECE31C00CD306B /* AppDelegate.m in Sources */ = {isa = PBXBuildFile; fileRef = ABDF515C1DECE31C00CD306B /* AppDelegate.m */; };
		ABDF51601DECE31C00CD306B /* ViewController.m in Sources */ = {isa = PBXBuildFile; fileRef = ABDF515F1DECE31C00CD306B /* ViewController.m */; };
		ABDF51631DECE31C00CD306B /* Main.storyboard in Resources */ = {isa = PBXBuildFile; fileRef = ABDF51611DECE31C00CD306B /* Main.storyboard */; };
		ABDF51661DECE31C00CD306B /* CoreDataExample.xcdatamodeld in Sources */ = {isa = PBXBuildFile; fileRef = ABDF51641DECE31C00CD306B /* CoreDataExample.xcdatamodeld */; };
		ABDF51681DECE31C00CD306B /* Assets.xcassets in Resources */ = {isa = PBXBuildFile; fileRef = ABDF51671DECE31C00CD306B /* Assets.xcassets */; };
		ABDF516B1DECE31C00CD306B /* LaunchScreen.storyboard in Resources */ = {isa = PBXBuildFile; fileRef = ABDF51691DECE31C00CD306B /* LaunchScreen.storyboard */; };
		ABDF51761DECE31C00CD306B /* CoreDataExampleTests.m in Sources */ = {isa = PBXBuildFile; fileRef = ABDF51751DECE31C00CD306B /* CoreDataExampleTests.m */; };
		ABDF51811DECE31C00CD306B /* CoreDataExampleUITests.m in Sources */ = {isa = PBXBuildFile; fileRef = ABDF51801DECE31C00CD306B /* CoreDataExampleUITests.m */; };
		ABDF51901DECEBEA00CD306B /* AddInformationVC.m in Sources */ = {isa = PBXBuildFile; fileRef = ABDF518F1DECEBEA00CD306B /* AddInformationVC.m */; };
/* End PBXBuildFile section */

/* Begin PBXContainerItemProxy section */
		ABDF51721DECE31C00CD306B /* PBXContainerItemProxy */ = {
			isa = PBXContainerItemProxy;
			containerPortal = ABDF514D1DECE31C00CD306B /* Project object */;
			proxyType = 1;
			remoteGlobalIDString = ABDF51541DECE31C00CD306B;
			remoteInfo = CoreDataExample;
		};
		ABDF517D1DECE31C00CD306B /* PBXContainerItemProxy */ = {
			isa = PBXContainerItemProxy;
			containerPortal = ABDF514D1DECE31C00CD306B /* Project object */;
			proxyType = 1;
			remoteGlobalIDString = ABDF51541DECE31C00CD306B;
			remoteInfo = CoreDataExample;
		};
/* End PBXContainerItemProxy section */

/* Begin PBXFileReference section */
		AB377DAF1DEDAE6E0026A416 /* CoreData.framework */ = {isa = PBXFileReference; lastKnownFileType = wrapper.framework; name = CoreData.framework; path = System/Library/Frameworks/CoreData.framework; sourceTree = SDKROOT; };
		ABDF51551DECE31C00CD306B /* CoreDataExample.app */ = {isa = PBXFileReference; explicitFileType = wrapper.application; includeInIndex = 0; path = CoreDataExample.app; sourceTree = BUILT_PRODUCTS_DIR; };
		ABDF51591DECE31C00CD306B /* main.m */ = {isa = PBXFileReference; lastKnownFileType = sourcecode.c.objc; path = main.m; sourceTree = "<group>"; };
		ABDF515B1DECE31C00CD306B /* AppDelegate.h */ = {isa = PBXFileReference; lastKnownFileType = sourcecode.c.h; path = AppDelegate.h; sourceTree = "<group>"; };
		ABDF515C1DECE31C00CD306B /* AppDelegate.m */ = {isa = PBXFileReference; lastKnownFileType = sourcecode.c.objc; path = AppDelegate.m; sourceTree = "<group>"; };
		ABDF515E1DECE31C00CD306B /* ViewController.h */ = {isa = PBXFileReference; lastKnownFileType = sourcecode.c.h; path = ViewController.h; sourceTree = "<group>"; };
		ABDF515F1DECE31C00CD306B /* ViewController.m */ = {isa = PBXFileReference; lastKnownFileType = sourcecode.c.objc; path = ViewController.m; sourceTree = "<group>"; };
		ABDF51621DECE31C00CD306B /* Base */ = {isa = PBXFileReference; lastKnownFileType = file.storyboard; name = Base; path = Base.lproj/Main.storyboard; sourceTree = "<group>"; };
		ABDF51651DECE31C00CD306B /* CoreDataExample.xcdatamodel */ = {isa = PBXFileReference; lastKnownFileType = wrapper.xcdatamodel; path = CoreDataExample.xcdatamodel; sourceTree = "<group>"; };
		ABDF51671DECE31C00CD306B /* Assets.xcassets */ = {isa = PBXFileReference; lastKnownFileType = folder.assetcatalog; path = Assets.xcassets; sourceTree = "<group>"; };
		ABDF516A1DECE31C00CD306B /* Base */ = {isa = PBXFileReference; lastKnownFileType = file.storyboard; name = Base; path = Base.lproj/LaunchScreen.storyboard; sourceTree = "<group>"; };
		ABDF516C1DECE31C00CD306B /* Info.plist */ = {isa = PBXFileReference; lastKnownFileType = text.plist.xml; path = Info.plist; sourceTree = "<group>"; };
		ABDF51711DECE31C00CD306B /* CoreDataExampleTests.xctest */ = {isa = PBXFileReference; explicitFileType = wrapper.cfbundle; includeInIndex = 0; path = CoreDataExampleTests.xctest; sourceTree = BUILT_PRODUCTS_DIR; };
		ABDF51751DECE31C00CD306B /* CoreDataExampleTests.m */ = {isa = PBXFileReference; lastKnownFileType = sourcecode.c.objc; path = CoreDataExampleTests.m; sourceTree = "<group>"; };
		ABDF51771DECE31C00CD306B /* Info.plist */ = {isa = PBXFileReference; lastKnownFileType = text.plist.xml; path = Info.plist; sourceTree = "<group>"; };
		ABDF517C1DECE31C00CD306B /* CoreDataExampleUITests.xctest */ = {isa = PBXFileReference; explicitFileType = wrapper.cfbundle; includeInIndex = 0; path = CoreDataExampleUITests.xctest; sourceTree = BUILT_PRODUCTS_DIR; };
		ABDF51801DECE31C00CD306B /* CoreDataExampleUITests.m */ = {isa = PBXFileReference; lastKnownFileType = sourcecode.c.objc; path = CoreDataExampleUITests.m; sourceTree = "<group>"; };
		ABDF51821DECE31C00CD306B /* Info.plist */ = {isa = PBXFileReference; lastKnownFileType = text.plist.xml; path = Info.plist; sourceTree = "<group>"; };
		ABDF518E1DECEBEA00CD306B /* AddInformationVC.h */ = {isa = PBXFileReference; fileEncoding = 4; lastKnownFileType = sourcecode.c.h; path = AddInformationVC.h; sourceTree = "<group>"; };
		ABDF518F1DECEBEA00CD306B /* AddInformationVC.m */ = {isa = PBXFileReference; fileEncoding = 4; lastKnownFileType = sourcecode.c.objc; path = AddInformationVC.m; sourceTree = "<group>"; };
/* End PBXFileReference section */

/* Begin PBXFrameworksBuildPhase section */
		ABDF51521DECE31C00CD306B /* Frameworks */ = {
			isa = PBXFrameworksBuildPhase;
			buildActionMask = 2147483647;
			files = (
				AB377DB01DEDAE6E0026A416 /* CoreData.framework in Frameworks */,
			);
			runOnlyForDeploymentPostprocessing = 0;
		};
		ABDF516E1DECE31C00CD306B /* Frameworks */ = {
			isa = PBXFrameworksBuildPhase;
			buildActionMask = 2147483647;
			files = (
			);
			runOnlyForDeploymentPostprocessing = 0;
		};
		ABDF51791DECE31C00CD306B /* Frameworks */ = {
			isa = PBXFrameworksBuildPhase;
			buildActionMask = 2147483647;
			files = (
			);
			runOnlyForDeploymentPostprocessing = 0;
		};
/* End PBXFrameworksBuildPhase section */

/* Begin PBXGroup section */
		AB377DAE1DEDAE6E0026A416 /* Frameworks */ = {
			isa = PBXGroup;
			children = (
				AB377DAF1DEDAE6E0026A416 /* CoreData.framework */,
			);
			name = Frameworks;
			sourceTree = "<group>";
		};
		ABDF514C1DECE31C00CD306B = {
			isa = PBXGroup;
			children = (
				ABDF51571DECE31C00CD306B /* CoreDataExample */,
				ABDF51741DECE31C00CD306B /* CoreDataExampleTests */,
				ABDF517F1DECE31C00CD306B /* CoreDataExampleUITests */,
				ABDF51561DECE31C00CD306B /* Products */,
				AB377DAE1DEDAE6E0026A416 /* Frameworks */,
			);
			sourceTree = "<group>";
		};
		ABDF51561DECE31C00CD306B /* Products */ = {
			isa = PBXGroup;
			children = (
				ABDF51551DECE31C00CD306B /* CoreDataExample.app */,
				ABDF51711DECE31C00CD306B /* CoreDataExampleTests.xctest */,
				ABDF517C1DECE31C00CD306B /* CoreDataExampleUITests.xctest */,
			);
			name = Products;
			sourceTree = "<group>";
		};
		ABDF51571DECE31C00CD306B /* CoreDataExample */ = {
			isa = PBXGroup;
			children = (
				ABDF515B1DECE31C00CD306B /* AppDelegate.h */,
				ABDF515C1DECE31C00CD306B /* AppDelegate.m */,
				ABDF515E1DECE31C00CD306B /* ViewController.h */,
				ABDF515F1DECE31C00CD306B /* ViewController.m */,
				ABDF518E1DECEBEA00CD306B /* AddInformationVC.h */,
				ABDF518F1DECEBEA00CD306B /* AddInformationVC.m */,
				ABDF51611DECE31C00CD306B /* Main.storyboard */,
				ABDF51671DECE31C00CD306B /* Assets.xcassets */,
				ABDF51691DECE31C00CD306B /* LaunchScreen.storyboard */,
				ABDF516C1DECE31C00CD306B /* Info.plist */,
				ABDF51641DECE31C00CD306B /* CoreDataExample.xcdatamodeld */,
				ABDF51581DECE31C00CD306B /* Supporting Files */,
			);
			path = CoreDataExample;
			sourceTree = "<group>";
		};
		ABDF51581DECE31C00CD306B /* Supporting Files */ = {
			isa = PBXGroup;
			children = (
				ABDF51591DECE31C00CD306B /* main.m */,
			);
			name = "Supporting Files";
			sourceTree = "<group>";
		};
		ABDF51741DECE31C00CD306B /* CoreDataExampleTests */ = {
			isa = PBXGroup;
			children = (
				ABDF51751DECE31C00CD306B /* CoreDataExampleTests.m */,
				ABDF51771DECE31C00CD306B /* Info.plist */,
			);
			path = CoreDataExampleTests;
			sourceTree = "<group>";
		};
		ABDF517F1DECE31C00CD306B /* CoreDataExampleUITests */ = {
			isa = PBXGroup;
			children = (
				ABDF51801DECE31C00CD306B /* CoreDataExampleUITests.m */,
				ABDF51821DECE31C00CD306B /* Info.plist */,
			);
			path = CoreDataExampleUITests;
			sourceTree = "<group>";
		};
/* End PBXGroup section */

/* Begin PBXNativeTarget section */
		ABDF51541DECE31C00CD306B /* CoreDataExample */ = {
			isa = PBXNativeTarget;
			buildConfigurationList = ABDF51851DECE31C00CD306B /* Build configuration list for PBXNativeTarget "CoreDataExample" */;
			buildPhases = (
				ABDF51511DECE31C00CD306B /* Sources */,
				ABDF51521DECE31C00CD306B /* Frameworks */,
				ABDF51531DECE31C00CD306B /* Resources */,
			);
			buildRules = (
			);
			dependencies = (
			);
			name = CoreDataExample;
			productName = CoreDataExample;
			productReference = ABDF51551DECE31C00CD306B /* CoreDataExample.app */;
			productType = "com.apple.product-type.application";
		};
		ABDF51701DECE31C00CD306B /* CoreDataExampleTests */ = {
			isa = PBXNativeTarget;
			buildConfigurationList = ABDF51881DECE31C00CD306B /* Build configuration list for PBXNativeTarget "CoreDataExampleTests" */;
			buildPhases = (
				ABDF516D1DECE31C00CD306B /* Sources */,
				ABDF516E1DECE31C00CD306B /* Frameworks */,
				ABDF516F1DECE31C00CD306B /* Resources */,
			);
			buildRules = (
			);
			dependencies = (
				ABDF51731DECE31C00CD306B /* PBXTargetDependency */,
			);
			name = CoreDataExampleTests;
			productName = CoreDataExampleTests;
			productReference = ABDF51711DECE31C00CD306B /* CoreDataExampleTests.xctest */;
			productType = "com.apple.product-type.bundle.unit-test";
		};
		ABDF517B1DECE31C00CD306B /* CoreDataExampleUITests */ = {
			isa = PBXNativeTarget;
			buildConfigurationList = ABDF518B1DECE31C00CD306B /* Build configuration list for PBXNativeTarget "CoreDataExampleUITests" */;
			buildPhases = (
				ABDF51781DECE31C00CD306B /* Sources */,
				ABDF51791DECE31C00CD306B /* Frameworks */,
				ABDF517A1DECE31C00CD306B /* Resources */,
			);
			buildRules = (
			);
			dependencies = (
				ABDF517E1DECE31C00CD306B /* PBXTargetDependency */,
			);
			name = CoreDataExampleUITests;
			productName = CoreDataExampleUITests;
			productReference = ABDF517C1DECE31C00CD306B /* CoreDataExampleUITests.xctest */;
			productType = "com.apple.product-type.bundle.ui-testing";
		};
/* End PBXNativeTarget section */

/* Begin PBXProject section */
		ABDF514D1DECE31C00CD306B /* Project object */ = {
			isa = PBXProject;
			attributes = {
				LastUpgradeCheck = 0910;
				ORGANIZATIONNAME = Shariif;
				TargetAttributes = {
					ABDF51541DECE31C00CD306B = {
						CreatedOnToolsVersion = 8.1;
						ProvisioningStyle = Automatic;
					};
					ABDF51701DECE31C00CD306B = {
						CreatedOnToolsVersion = 8.1;
						ProvisioningStyle = Automatic;
						TestTargetID = ABDF51541DECE31C00CD306B;
					};
					ABDF517B1DECE31C00CD306B = {
						CreatedOnToolsVersion = 8.1;
						ProvisioningStyle = Automatic;
						TestTargetID = ABDF51541DECE31C00CD306B;
					};
				};
			};
			buildConfigurationList = ABDF51501DECE31C00CD306B /* Build configuration list for PBXProject "CoreDataExample" */;
			compatibilityVersion = "Xcode 3.2";
			developmentRegion = English;
			hasScannedForEncodings = 0;
			knownRegions = (
				en,
				Base,
			);
			mainGroup = ABDF514C1DECE31C00CD306B;
			productRefGroup = ABDF51561DECE31C00CD306B /* Products */;
			projectDirPath = "";
			projectRoot = "";
			targets = (
				ABDF51541DECE31C00CD306B /* CoreDataExample */,
				ABDF51701DECE31C00CD306B /* CoreDataExampleTests */,
				ABDF517B1DECE31C00CD306B /* CoreDataExampleUITests */,
			);
		};
/* End PBXProject section */

/* Begin PBXResourcesBuildPhase section */
		ABDF51531DECE31C00CD306B /* Resources */ = {
			isa = PBXResourcesBuildPhase;
			buildActionMask = 2147483647;
			files = (
				ABDF516B1DECE31C00CD306B /* LaunchScreen.storyboard in Resources */,
				ABDF51681DECE31C00CD306B /* Assets.xcassets in Resources */,
				ABDF51631DECE31C00CD306B /* Main.storyboard in Resources */,
			);
			runOnlyForDeploymentPostprocessing = 0;
		};
		ABDF516F1DECE31C00CD306B /* Resources */ = {
			isa = PBXResourcesBuildPhase;
			buildActionMask = 2147483647;
			files = (
			);
			runOnlyForDeploymentPostprocessing = 0;
		};
		ABDF517A1DECE31C00CD306B /* Resources */ = {
			isa = PBXResourcesBuildPhase;
			buildActionMask = 2147483647;
			files = (
			);
			runOnlyForDeploymentPostprocessing = 0;
		};
/* End PBXResourcesBuildPhase section */

/* Begin PBXSourcesBuildPhase section */
		ABDF51511DECE31C00CD306B /* Sources */ = {
			isa = PBXSourcesBuildPhase;
			buildActionMask = 2147483647;
			files = (
				ABDF51601DECE31C00CD306B /* ViewController.m in Sources */,
				ABDF51901DECEBEA00CD306B /* AddInformationVC.m in Sources */,
				ABDF515D1DECE31C00CD306B /* AppDelegate.m in Sources */,
				ABDF515A1DECE31C00CD306B /* main.m in Sources */,
				ABDF51661DECE31C00CD306B /* CoreDataExample.xcdatamodeld in Sources */,
			);
			runOnlyForDeploymentPostprocessing = 0;
		};
		ABDF516D1DECE31C00CD306B /* Sources */ = {
			isa = PBXSourcesBuildPhase;
			buildActionMask = 2147483647;
			files = (
				ABDF51761DECE31C00CD306B /* CoreDataExampleTests.m in Sources */,
			);
			runOnlyForDeploymentPostprocessing = 0;
		};
		ABDF51781DECE31C00CD306B /* Sources */ = {
			isa = PBXSourcesBuildPhase;
			buildActionMask = 2147483647;
			files = (
				ABDF51811DECE31C00CD306B /* CoreDataExampleUITests.m in Sources */,
			);
			runOnlyForDeploymentPostprocessing = 0;
		};
/* End PBXSourcesBuildPhase section */

/* Begin PBXTargetDependency section */
		ABDF51731DECE31C00CD306B /* PBXTargetDependency */ = {
			isa = PBXTargetDependency;
			target = ABDF51541DECE31C00CD306B /* CoreDataExample */;
			targetProxy = ABDF51721DECE31C00CD306B /* PBXContainerItemProxy */;
		};
		ABDF517E1DECE31C00CD306B /* PBXTargetDependency */ = {
			isa = PBXTargetDependency;
			target = ABDF51541DECE31C00CD306B /* CoreDataExample */;
			targetProxy = ABDF517D1DECE31C00CD306B /* PBXContainerItemProxy */;
		};
/* End PBXTargetDependency section */

/* Begin PBXVariantGroup section */
		ABDF51611DECE31C00CD306B /* Main.storyboard */ = {
			isa = PBXVariantGroup;
			children = (
				ABDF51621DECE31C00CD306B /* Base */,
			);
			name = Main.storyboard;
			sourceTree = "<group>";
		};
		ABDF51691DECE31C00CD306B /* LaunchScreen.storyboard */ = {
			isa = PBXVariantGroup;
			children = (
				ABDF516A1DECE31C00CD306B /* Base */,
			);
			name = LaunchScreen.storyboard;
			sourceTree = "<group>";
		};
/* End PBXVariantGroup section */

/* Begin XCBuildConfiguration section */
		ABDF51831DECE31C00CD306B /* Debug */ = {
			isa = XCBuildConfiguration;
			buildSettings = {
				ALWAYS_SEARCH_USER_PATHS = NO;
				CLANG_ANALYZER_NONNULL = YES;
				CLANG_CXX_LANGUAGE_STANDARD = "gnu++0x";
				CLANG_CXX_LIBRARY = "libc++";
				CLANG_ENABLE_MODULES = YES;
				CLANG_ENABLE_OBJC_ARC = YES;
				CLANG_WARN_BLOCK_CAPTURE_AUTORELEASING = YES;
				CLANG_WARN_BOOL_CONVERSION = YES;
				CLANG_WARN_COMMA = YES;
				CLANG_WARN_CONSTANT_CONVERSION = YES;
				CLANG_WARN_DIRECT_OBJC_ISA_USAGE = YES_ERROR;
				CLANG_WARN_DOCUMENTATION_COMMENTS = YES;
				CLANG_WARN_EMPTY_BODY = YES;
				CLANG_WARN_ENUM_CONVERSION = YES;
				CLANG_WARN_INFINITE_RECURSION = YES;
				CLANG_WARN_INT_CONVERSION = YES;
				CLANG_WARN_NON_LITERAL_NULL_CONVERSION = YES;
				CLANG_WARN_OBJC_LITERAL_CONVERSION = YES;
				CLANG_WARN_OBJC_ROOT_CLASS = YES_ERROR;
				CLANG_WARN_RANGE_LOOP_ANALYSIS = YES;
				CLANG_WARN_STRICT_PROTOTYPES = YES;
				CLANG_WARN_SUSPICIOUS_MOVE = YES;
				CLANG_WARN_SUSPICIOUS_MOVES = YES;
				CLANG_WARN_UNREACHABLE_CODE = YES;
				CLANG_WARN__DUPLICATE_METHOD_MATCH = YES;
				"CODE_SIGN_IDENTITY[sdk=iphoneos*]" = "iPhone Developer";
				COPY_PHASE_STRIP = NO;
				DEBUG_INFORMATION_FORMAT = dwarf;
				ENABLE_STRICT_OBJC_MSGSEND = YES;
				ENABLE_TESTABILITY = YES;
				GCC_C_LANGUAGE_STANDARD = gnu99;
				GCC_DYNAMIC_NO_PIC = NO;
				GCC_NO_COMMON_BLOCKS = YES;
				GCC_OPTIMIZATION_LEVEL = 0;
				GCC_PREPROCESSOR_DEFINITIONS = (
					"DEBUG=1",
					"$(inherited)",
				);
				GCC_WARN_64_TO_32_BIT_CONVERSION = YES;
				GCC_WARN_ABOUT_RETURN_TYPE = YES_ERROR;
				GCC_WARN_UNDECLARED_SELECTOR = YES;
				GCC_WARN_UNINITIALIZED_AUTOS = YES_AGGRESSIVE;
				GCC_WARN_UNUSED_FUNCTION = YES;
				GCC_WARN_UNUSED_VARIABLE = YES;
				IPHONEOS_DEPLOYMENT_TARGET = 10.1;
				MTL_ENABLE_DEBUG_INFO = YES;
				ONLY_ACTIVE_ARCH = YES;
				SDKROOT = iphoneos;
				TARGETED_DEVICE_FAMILY = "1,2";
			};
			name = Debug;
		};
		ABDF51841DECE31C00CD306B /* Release */ = {
			isa = XCBuildConfiguration;
			buildSettings = {
				ALWAYS_SEARCH_USER_PATHS = NO;
				CLANG_ANALYZER_NONNULL = YES;
				CLANG_CXX_LANGUAGE_STANDARD = "gnu++0x";
				CLANG_CXX_LIBRARY = "libc++";
				CLANG_ENABLE_MODULES = YES;
				CLANG_ENABLE_OBJC_ARC = YES;
				CLANG_WARN_BLOCK_CAPTURE_AUTORELEASING = YES;
				CLANG_WARN_BOOL_CONVERSION = YES;
				CLANG_WARN_COMMA = YES;
				CLANG_WARN_CONSTANT_CONVERSION = YES;
				CLANG_WARN_DIRECT_OBJC_ISA_USAGE = YES_ERROR;
				CLANG_WARN_DOCUMENTATION_COMMENTS = YES;
				CLANG_WARN_EMPTY_BODY = YES;
				CLANG_WARN_ENUM_CONVERSION = YES;
				CLANG_WARN_INFINITE_RECURSION = YES;
				CLANG_WARN_INT_CONVERSION = YES;
				CLANG_WARN_NON_LITERAL_NULL_CONVERSION = YES;
				CLANG_WARN_OBJC_LITERAL_CONVERSION = YES;
				CLANG_WARN_OBJC_ROOT_CLASS = YES_ERROR;
				CLANG_WARN_RANGE_LOOP_ANALYSIS = YES;
				CLANG_WARN_STRICT_PROTOTYPES = YES;
				CLANG_WARN_SUSPICIOUS_MOVE = YES;
				CLANG_WARN_SUSPICIOUS_MOVES = YES;
				CLANG_WARN_UNREACHABLE_CODE = YES;
				CLANG_WARN__DUPLICATE_METHOD_MATCH = YES;
				"CODE_SIGN_IDENTITY[sdk=iphoneos*]" = "iPhone Developer";
				COPY_PHASE_STRIP = NO;
				DEBUG_INFORMATION_FORMAT = "dwarf-with-dsym";
				ENABLE_NS_ASSERTIONS = NO;
				ENABLE_STRICT_OBJC_MSGSEND = YES;
				GCC_C_LANGUAGE_STANDARD = gnu99;
				GCC_NO_COMMON_BLOCKS = YES;
				GCC_WARN_64_TO_32_BIT_CONVERSION = YES;
				GCC_WARN_ABOUT_RETURN_TYPE = YES_ERROR;
				GCC_WARN_UNDECLARED_SELECTOR = YES;
				GCC_WARN_UNINITIALIZED_AUTOS = YES_AGGRESSIVE;
				GCC_WARN_UNUSED_FUNCTION = YES;
				GCC_WARN_UNUSED_VARIABLE = YES;
				IPHONEOS_DEPLOYMENT_TARGET = 10.1;
				MTL_ENABLE_DEBUG_INFO = NO;
				SDKROOT = iphoneos;
				TARGETED_DEVICE_FAMILY = "1,2";
				VALIDATE_PRODUCT = YES;
			};
			name = Release;
		};
		ABDF51861DECE31C00CD306B /* Debug */ = {
			isa = XCBuildConfiguration;
			buildSettings = {
				ASSETCATALOG_COMPILER_APPICON_NAME = AppIcon;
				INFOPLIST_FILE = CoreDataExample/Info.plist;
				LD_RUNPATH_SEARCH_PATHS = "$(inherited) @executable_path/Frameworks";
				PRODUCT_BUNDLE_IDENTIFIER = com.shariif.CoreDataExample;
				PRODUCT_NAME = "$(TARGET_NAME)";
			};
			name = Debug;
		};
		ABDF51871DECE31C00CD306B /* Release */ = {
			isa = XCBuildConfiguration;
			buildSettings = {
				ASSETCATALOG_COMPILER_APPICON_NAME = AppIcon;
				INFOPLIST_FILE = CoreDataExample/Info.plist;
				LD_RUNPATH_SEARCH_PATHS = "$(inherited) @executable_path/Frameworks";
				PRODUCT_BUNDLE_IDENTIFIER = com.shariif.CoreDataExample;
				PRODUCT_NAME = "$(TARGET_NAME)";
			};
			name = Release;
		};
		ABDF51891DECE31C00CD306B /* Debug */ = {
			isa = XCBuildConfiguration;
			buildSettings = {
				BUNDLE_LOADER = "$(TEST_HOST)";
				INFOPLIST_FILE = CoreDataExampleTests/Info.plist;
				LD_RUNPATH_SEARCH_PATHS = "$(inherited) @executable_path/Frameworks @loader_path/Frameworks";
				PRODUCT_BUNDLE_IDENTIFIER = com.shariif.CoreDataExampleTests;
				PRODUCT_NAME = "$(TARGET_NAME)";
				TEST_HOST = "$(BUILT_PRODUCTS_DIR)/CoreDataExample.app/CoreDataExample";
			};
			name = Debug;
		};
		ABDF518A1DECE31C00CD306B /* Release */ = {
			isa = XCBuildConfiguration;
			buildSettings = {
				BUNDLE_LOADER = "$(TEST_HOST)";
				INFOPLIST_FILE = CoreDataExampleTests/Info.plist;
				LD_RUNPATH_SEARCH_PATHS = "$(inherited) @executable_path/Frameworks @loader_path/Frameworks";
				PRODUCT_BUNDLE_IDENTIFIER = com.shariif.CoreDataExampleTests;
				PRODUCT_NAME = "$(TARGET_NAME)";
				TEST_HOST = "$(BUILT_PRODUCTS_DIR)/CoreDataExample.app/CoreDataExample";
			};
			name = Release;
		};
		ABDF518C1DECE31C00CD306B /* Debug */ = {
			isa = XCBuildConfiguration;
			buildSettings = {
				INFOPLIST_FILE = CoreDataExampleUITests/Info.plist;
				LD_RUNPATH_SEARCH_PATHS = "$(inherited) @executable_path/Frameworks @loader_path/Frameworks";
				PRODUCT_BUNDLE_IDENTIFIER = com.shariif.CoreDataExampleUITests;
				PRODUCT_NAME = "$(TARGET_NAME)";
				TEST_TARGET_NAME = CoreDataExample;
			};
			name = Debug;
		};
		ABDF518D1DECE31C00CD306B /* Release */ = {
			isa = XCBuildConfiguration;
			buildSettings = {
				INFOPLIST_FILE = CoreDataExampleUITests/Info.plist;
				LD_RUNPATH_SEARCH_PATHS = "$(inherited) @executable_path/Frameworks @loader_path/Frameworks";
				PRODUCT_BUNDLE_IDENTIFIER = com.shariif.CoreDataExampleUITests;
				PRODUCT_NAME = "$(TARGET_NAME)";
				TEST_TARGET_NAME = CoreDataExample;
			};
			name = Release;
		};
/* End XCBuildConfiguration section */

/* Begin XCConfigurationList section */
		ABDF51501DECE31C00CD306B /* Build configuration list for PBXProject "CoreDataExample" */ = {
			isa = XCConfigurationList;
			buildConfigurations = (
				ABDF51831DECE31C00CD306B /* Debug */,
				ABDF51841DECE31C00CD306B /* Release */,
			);
			defaultConfigurationIsVisible = 0;
			defaultConfigurationName = Release;
		};
		ABDF51851DECE31C00CD306B /* Build configuration list for PBXNativeTarget "CoreDataExample" */ = {
			isa = XCConfigurationList;
			buildConfigurations = (
				ABDF51861DECE31C00CD306B /* Debug */,
				ABDF51871DECE31C00CD306B /* Release */,
			);
			defaultConfigurationIsVisible = 0;
			defaultConfigurationName = Release;
		};
		ABDF51881DECE31C00CD306B /* Build configuration list for PBXNativeTarget "CoreDataExampleTests" */ = {
			isa = XCConfigurationList;
			buildConfigurations = (
				ABDF51891DECE31C00CD306B /* Debug */,
				ABDF518A1DECE31C00CD306B /* Release */,
			);
			defaultConfigurationIsVisible = 0;
			defaultConfigurationName = Release;
		};
		ABDF518B1DECE31C00CD306B /* Build configuration list for PBXNativeTarget "CoreDataExampleUITests" */ = {
			isa = XCConfigurationList;
			buildConfigurations = (
				ABDF518C1DECE31C00CD306B /* Debug */,
				ABDF518D1DECE31C00CD306B /* Release */,
			);
			defaultConfigurationIsVisible = 0;
			defaultConfigurationName = Release;
		};
/* End XCConfigurationList section */

/* Begin XCVersionGroup section */
		ABDF51641DECE31C00CD306B /* CoreDataExample.xcdatamodeld */ = {
			isa = XCVersionGroup;
			children = (
				ABDF51651DECE31C00CD306B /* CoreDataExample.xcdatamodel */,
			);
			currentVersion = ABDF51651DECE31C00CD306B /* CoreDataExample.xcdatamodel */;
			path = CoreDataExample.xcdatamodeld;
			sourceTree = "<group>";
			versionGroupType = wrapper.xcdatamodel;
		};
/* End XCVersionGroup section */
	};
	rootObject = ABDF514D1DECE31C00CD306B /* Project object */;
}
